
Microsoft Visual Studio Solution File, Format Version 12.00
# Visual Studio Version 16
VisualStudioVersion = 16.0.29215.179
MinimumVisualStudioVersion = 15.0.26124.0
Project("{2150E333-8FDC-42A3-9474-1A3956D46DE8}") = "src", "src", "{67EE2673-E395-48E2-8C98-2B5872F7D127}"
EndProject
Project("{2150E333-8FDC-42A3-9474-1A3956D46DE8}") = "Services", "Services", "{2932ECC0-3C33-4E3D-AA1F-06168A3E8535}"
EndProject
Project("{2150E333-8FDC-42A3-9474-1A3956D46DE8}") = "Messenger", "Messenger", "{8431C0E7-7542-4E0E-BE3B-00B2213EBB3B}"
EndProject
Project("{9A19103F-16F7-4668-BE54-9A1E7A4F7556}") = "Maktub.Services.Messenger.Presentation", "src\Services\Messenger\Messenger.Presentation\Maktub.Services.Messenger.Presentation.csproj", "{6ED20E7D-5F0C-4FE4-9B87-82C8B7C43813}"
EndProject
Project("{9A19103F-16F7-4668-BE54-9A1E7A4F7556}") = "Maktub.Services.Messenger.Common", "src\Services\Messenger\Messenger.Common\Maktub.Services.Messenger.Common.csproj", "{581F4209-06CD-4A0F-9A05-B3AFF2E40917}"
EndProject
Project("{9A19103F-16F7-4668-BE54-9A1E7A4F7556}") = "Maktub.Services.Messenger.Domain", "src\Services\Messenger\Messenger.Domain\Maktub.Services.Messenger.Domain.csproj", "{27880F9D-B4D4-4A96-83CA-4FB0FC040AF4}"
EndProject
Project("{9A19103F-16F7-4668-BE54-9A1E7A4F7556}") = "Maktub.Services.Messenger.Infrastructure", "src\Services\Messenger\Messenger.Infrastructure\Maktub.Services.Messenger.Infrastructure.csproj", "{C235B10F-16A2-4DEB-AD0F-598018759F46}"
EndProject
Project("{9A19103F-16F7-4668-BE54-9A1E7A4F7556}") = "Maktub.Services.Messenger.Persistance", "src\Services\Messenger\Messenger.Persistance\Maktub.Services.Messenger.Persistance.csproj", "{5E5D38E4-76C8-4BF2-9D4F-6C5441758B41}"
EndProject
Project("{9A19103F-16F7-4668-BE54-9A1E7A4F7556}") = "Maktub.Services.Messenger.Application", "src\Services\Messenger\Messenger.Application\Maktub.Services.Messenger.Application.csproj", "{843D2585-DC85-422F-9268-1F0011E9CBD9}"
EndProject
Project("{2150E333-8FDC-42A3-9474-1A3956D46DE8}") = "Memento", "Memento", "{6C860ABF-5558-4640-96F3-3F18FB1D6290}"
EndProject
Project("{9A19103F-16F7-4668-BE54-9A1E7A4F7556}") = "Maktub.Services.Memento.Presentation", "src\Services\Memento\Memento.Presentation\Maktub.Services.Memento.Presentation.csproj", "{F9798203-A328-4D18-8DDE-C26122100B48}"
EndProject
Project("{9A19103F-16F7-4668-BE54-9A1E7A4F7556}") = "Maktub.Services.Memento.Common", "src\Services\Memento\Memento.Common\Maktub.Services.Memento.Common.csproj", "{50793BFA-3CC7-4A26-B738-A31689B27278}"
EndProject
Project("{9A19103F-16F7-4668-BE54-9A1E7A4F7556}") = "Maktub.Services.Memento.Domain", "src\Services\Memento\Memento.Domain\Maktub.Services.Memento.Domain.csproj", "{09A6437B-BDB1-415F-AB38-0174638D656C}"
EndProject
Project("{9A19103F-16F7-4668-BE54-9A1E7A4F7556}") = "Maktub.Services.Memento.Infrastructure", "src\Services\Memento\Memento.Infrastructure\Maktub.Services.Memento.Infrastructure.csproj", "{B9AD621D-96AA-485D-BC09-45253F825D00}"
EndProject
Project("{9A19103F-16F7-4668-BE54-9A1E7A4F7556}") = "Maktub.Services.Memento.Persistance", "src\Services\Memento\Memento.Persistance\Maktub.Services.Memento.Persistance.csproj", "{4F90D2B4-B993-44E0-962D-79E4534C70F3}"
EndProject
Project("{9A19103F-16F7-4668-BE54-9A1E7A4F7556}") = "Maktub.Services.Memento.Application", "src\Services\Memento\Memento.Application\Maktub.Services.Memento.Application.csproj", "{9CCCF562-36B3-4329-81F0-0E5B241D6FD3}"
EndProject
Project("{2150E333-8FDC-42A3-9474-1A3956D46DE8}") = "Identity", "Identity", "{33566DB4-8C37-4D96-ADA4-942ABC3D5AD5}"
EndProject
Project("{9A19103F-16F7-4668-BE54-9A1E7A4F7556}") = "Maktub.Services.Identity.Presentation", "src\Services\Identity\Identity.Presentation\Maktub.Services.Identity.Presentation.csproj", "{37A05206-35FE-46A6-B683-9AAB2DB88884}"
EndProject
Project("{9A19103F-16F7-4668-BE54-9A1E7A4F7556}") = "Maktub.Services.Identity.Common", "src\Services\Identity\Identity.Common\Maktub.Services.Identity.Common.csproj", "{3C9DED5D-09FF-43B7-92BC-35BBAAADD1D7}"
EndProject
Project("{9A19103F-16F7-4668-BE54-9A1E7A4F7556}") = "Maktub.Services.Identity.Domain", "src\Services\Identity\Identity.Domain\Maktub.Services.Identity.Domain.csproj", "{F31DF68A-4452-4E6C-9966-E29331B67BA2}"
EndProject
Project("{9A19103F-16F7-4668-BE54-9A1E7A4F7556}") = "Maktub.Services.Identity.Infrastructure", "src\Services\Identity\Identity.Infrastructure\Maktub.Services.Identity.Infrastructure.csproj", "{7459DB96-7561-4768-AD66-528B890B0DD1}"
EndProject
Project("{9A19103F-16F7-4668-BE54-9A1E7A4F7556}") = "Maktub.Services.Identity.Persistance", "src\Services\Identity\Identity.Persistance\Maktub.Services.Identity.Persistance.csproj", "{05FFDEF2-F2C9-480D-98D8-CBA16BD43C94}"
EndProject
Project("{9A19103F-16F7-4668-BE54-9A1E7A4F7556}") = "Maktub.Services.Identity.Application", "src\Services\Identity\Identity.Application\Maktub.Services.Identity.Application.csproj", "{96F75D3C-2A65-47EC-93E1-B8F6E3F705CB}"
EndProject
Project("{E53339B2-1760-4266-BCC7-CA923CBCF16C}") = "docker-compose", "docker-compose.dcproj", "{EE6E5814-F196-408D-98C5-F876A343042E}"
EndProject
Global
	GlobalSection(SolutionConfigurationPlatforms) = preSolution
		Debug|Any CPU = Debug|Any CPU
		Debug|x64 = Debug|x64
		Debug|x86 = Debug|x86
		Release|Any CPU = Release|Any CPU
		Release|x64 = Release|x64
		Release|x86 = Release|x86
	EndGlobalSection
	GlobalSection(ProjectConfigurationPlatforms) = postSolution
		{6ED20E7D-5F0C-4FE4-9B87-82C8B7C43813}.Debug|Any CPU.ActiveCfg = Debug|Any CPU
		{6ED20E7D-5F0C-4FE4-9B87-82C8B7C43813}.Debug|Any CPU.Build.0 = Debug|Any CPU
		{6ED20E7D-5F0C-4FE4-9B87-82C8B7C43813}.Debug|x64.ActiveCfg = Debug|Any CPU
		{6ED20E7D-5F0C-4FE4-9B87-82C8B7C43813}.Debug|x64.Build.0 = Debug|Any CPU
		{6ED20E7D-5F0C-4FE4-9B87-82C8B7C43813}.Debug|x86.ActiveCfg = Debug|Any CPU
		{6ED20E7D-5F0C-4FE4-9B87-82C8B7C43813}.Debug|x86.Build.0 = Debug|Any CPU
		{6ED20E7D-5F0C-4FE4-9B87-82C8B7C43813}.Release|Any CPU.ActiveCfg = Release|Any CPU
		{6ED20E7D-5F0C-4FE4-9B87-82C8B7C43813}.Release|Any CPU.Build.0 = Release|Any CPU
		{6ED20E7D-5F0C-4FE4-9B87-82C8B7C43813}.Release|x64.ActiveCfg = Release|Any CPU
		{6ED20E7D-5F0C-4FE4-9B87-82C8B7C43813}.Release|x64.Build.0 = Release|Any CPU
		{6ED20E7D-5F0C-4FE4-9B87-82C8B7C43813}.Release|x86.ActiveCfg = Release|Any CPU
		{6ED20E7D-5F0C-4FE4-9B87-82C8B7C43813}.Release|x86.Build.0 = Release|Any CPU
		{581F4209-06CD-4A0F-9A05-B3AFF2E40917}.Debug|Any CPU.ActiveCfg = Debug|Any CPU
		{581F4209-06CD-4A0F-9A05-B3AFF2E40917}.Debug|Any CPU.Build.0 = Debug|Any CPU
		{581F4209-06CD-4A0F-9A05-B3AFF2E40917}.Debug|x64.ActiveCfg = Debug|Any CPU
		{581F4209-06CD-4A0F-9A05-B3AFF2E40917}.Debug|x64.Build.0 = Debug|Any CPU
		{581F4209-06CD-4A0F-9A05-B3AFF2E40917}.Debug|x86.ActiveCfg = Debug|Any CPU
		{581F4209-06CD-4A0F-9A05-B3AFF2E40917}.Debug|x86.Build.0 = Debug|Any CPU
		{581F4209-06CD-4A0F-9A05-B3AFF2E40917}.Release|Any CPU.ActiveCfg = Release|Any CPU
		{581F4209-06CD-4A0F-9A05-B3AFF2E40917}.Release|Any CPU.Build.0 = Release|Any CPU
		{581F4209-06CD-4A0F-9A05-B3AFF2E40917}.Release|x64.ActiveCfg = Release|Any CPU
		{581F4209-06CD-4A0F-9A05-B3AFF2E40917}.Release|x64.Build.0 = Release|Any CPU
		{581F4209-06CD-4A0F-9A05-B3AFF2E40917}.Release|x86.ActiveCfg = Release|Any CPU
		{581F4209-06CD-4A0F-9A05-B3AFF2E40917}.Release|x86.Build.0 = Release|Any CPU
		{27880F9D-B4D4-4A96-83CA-4FB0FC040AF4}.Debug|Any CPU.ActiveCfg = Debug|Any CPU
		{27880F9D-B4D4-4A96-83CA-4FB0FC040AF4}.Debug|Any CPU.Build.0 = Debug|Any CPU
		{27880F9D-B4D4-4A96-83CA-4FB0FC040AF4}.Debug|x64.ActiveCfg = Debug|Any CPU
		{27880F9D-B4D4-4A96-83CA-4FB0FC040AF4}.Debug|x64.Build.0 = Debug|Any CPU
		{27880F9D-B4D4-4A96-83CA-4FB0FC040AF4}.Debug|x86.ActiveCfg = Debug|Any CPU
		{27880F9D-B4D4-4A96-83CA-4FB0FC040AF4}.Debug|x86.Build.0 = Debug|Any CPU
		{27880F9D-B4D4-4A96-83CA-4FB0FC040AF4}.Release|Any CPU.ActiveCfg = Release|Any CPU
		{27880F9D-B4D4-4A96-83CA-4FB0FC040AF4}.Release|Any CPU.Build.0 = Release|Any CPU
		{27880F9D-B4D4-4A96-83CA-4FB0FC040AF4}.Release|x64.ActiveCfg = Release|Any CPU
		{27880F9D-B4D4-4A96-83CA-4FB0FC040AF4}.Release|x64.Build.0 = Release|Any CPU
		{27880F9D-B4D4-4A96-83CA-4FB0FC040AF4}.Release|x86.ActiveCfg = Release|Any CPU
		{27880F9D-B4D4-4A96-83CA-4FB0FC040AF4}.Release|x86.Build.0 = Release|Any CPU
		{C235B10F-16A2-4DEB-AD0F-598018759F46}.Debug|Any CPU.ActiveCfg = Debug|Any CPU
		{C235B10F-16A2-4DEB-AD0F-598018759F46}.Debug|Any CPU.Build.0 = Debug|Any CPU
		{C235B10F-16A2-4DEB-AD0F-598018759F46}.Debug|x64.ActiveCfg = Debug|Any CPU
		{C235B10F-16A2-4DEB-AD0F-598018759F46}.Debug|x64.Build.0 = Debug|Any CPU
		{C235B10F-16A2-4DEB-AD0F-598018759F46}.Debug|x86.ActiveCfg = Debug|Any CPU
		{C235B10F-16A2-4DEB-AD0F-598018759F46}.Debug|x86.Build.0 = Debug|Any CPU
		{C235B10F-16A2-4DEB-AD0F-598018759F46}.Release|Any CPU.ActiveCfg = Release|Any CPU
		{C235B10F-16A2-4DEB-AD0F-598018759F46}.Release|Any CPU.Build.0 = Release|Any CPU
		{C235B10F-16A2-4DEB-AD0F-598018759F46}.Release|x64.ActiveCfg = Release|Any CPU
		{C235B10F-16A2-4DEB-AD0F-598018759F46}.Release|x64.Build.0 = Release|Any CPU
		{C235B10F-16A2-4DEB-AD0F-598018759F46}.Release|x86.ActiveCfg = Release|Any CPU
		{C235B10F-16A2-4DEB-AD0F-598018759F46}.Release|x86.Build.0 = Release|Any CPU
		{5E5D38E4-76C8-4BF2-9D4F-6C5441758B41}.Debug|Any CPU.ActiveCfg = Debug|Any CPU
		{5E5D38E4-76C8-4BF2-9D4F-6C5441758B41}.Debug|Any CPU.Build.0 = Debug|Any CPU
		{5E5D38E4-76C8-4BF2-9D4F-6C5441758B41}.Debug|x64.ActiveCfg = Debug|Any CPU
		{5E5D38E4-76C8-4BF2-9D4F-6C5441758B41}.Debug|x64.Build.0 = Debug|Any CPU
		{5E5D38E4-76C8-4BF2-9D4F-6C5441758B41}.Debug|x86.ActiveCfg = Debug|Any CPU
		{5E5D38E4-76C8-4BF2-9D4F-6C5441758B41}.Debug|x86.Build.0 = Debug|Any CPU
		{5E5D38E4-76C8-4BF2-9D4F-6C5441758B41}.Release|Any CPU.ActiveCfg = Release|Any CPU
		{5E5D38E4-76C8-4BF2-9D4F-6C5441758B41}.Release|Any CPU.Build.0 = Release|Any CPU
		{5E5D38E4-76C8-4BF2-9D4F-6C5441758B41}.Release|x64.ActiveCfg = Release|Any CPU
		{5E5D38E4-76C8-4BF2-9D4F-6C5441758B41}.Release|x64.Build.0 = Release|Any CPU
		{5E5D38E4-76C8-4BF2-9D4F-6C5441758B41}.Release|x86.ActiveCfg = Release|Any CPU
		{5E5D38E4-76C8-4BF2-9D4F-6C5441758B41}.Release|x86.Build.0 = Release|Any CPU
		{843D2585-DC85-422F-9268-1F0011E9CBD9}.Debug|Any CPU.ActiveCfg = Debug|Any CPU
		{843D2585-DC85-422F-9268-1F0011E9CBD9}.Debug|Any CPU.Build.0 = Debug|Any CPU
		{843D2585-DC85-422F-9268-1F0011E9CBD9}.Debug|x64.ActiveCfg = Debug|Any CPU
		{843D2585-DC85-422F-9268-1F0011E9CBD9}.Debug|x64.Build.0 = Debug|Any CPU
		{843D2585-DC85-422F-9268-1F0011E9CBD9}.Debug|x86.ActiveCfg = Debug|Any CPU
		{843D2585-DC85-422F-9268-1F0011E9CBD9}.Debug|x86.Build.0 = Debug|Any CPU
		{843D2585-DC85-422F-9268-1F0011E9CBD9}.Release|Any CPU.ActiveCfg = Release|Any CPU
		{843D2585-DC85-422F-9268-1F0011E9CBD9}.Release|Any CPU.Build.0 = Release|Any CPU
		{843D2585-DC85-422F-9268-1F0011E9CBD9}.Release|x64.ActiveCfg = Release|Any CPU
		{843D2585-DC85-422F-9268-1F0011E9CBD9}.Release|x64.Build.0 = Release|Any CPU
		{843D2585-DC85-422F-9268-1F0011E9CBD9}.Release|x86.ActiveCfg = Release|Any CPU
		{843D2585-DC85-422F-9268-1F0011E9CBD9}.Release|x86.Build.0 = Release|Any CPU
		{F9798203-A328-4D18-8DDE-C26122100B48}.Debug|Any CPU.ActiveCfg = Debug|Any CPU
		{F9798203-A328-4D18-8DDE-C26122100B48}.Debug|Any CPU.Build.0 = Debug|Any CPU
		{F9798203-A328-4D18-8DDE-C26122100B48}.Debug|x64.ActiveCfg = Debug|Any CPU
		{F9798203-A328-4D18-8DDE-C26122100B48}.Debug|x64.Build.0 = Debug|Any CPU
		{F9798203-A328-4D18-8DDE-C26122100B48}.Debug|x86.ActiveCfg = Debug|Any CPU
		{F9798203-A328-4D18-8DDE-C26122100B48}.Debug|x86.Build.0 = Debug|Any CPU
		{F9798203-A328-4D18-8DDE-C26122100B48}.Release|Any CPU.ActiveCfg = Release|Any CPU
		{F9798203-A328-4D18-8DDE-C26122100B48}.Release|Any CPU.Build.0 = Release|Any CPU
		{F9798203-A328-4D18-8DDE-C26122100B48}.Release|x64.ActiveCfg = Release|Any CPU
		{F9798203-A328-4D18-8DDE-C26122100B48}.Release|x64.Build.0 = Release|Any CPU
		{F9798203-A328-4D18-8DDE-C26122100B48}.Release|x86.ActiveCfg = Release|Any CPU
		{F9798203-A328-4D18-8DDE-C26122100B48}.Release|x86.Build.0 = Release|Any CPU
		{50793BFA-3CC7-4A26-B738-A31689B27278}.Debug|Any CPU.ActiveCfg = Debug|Any CPU
		{50793BFA-3CC7-4A26-B738-A31689B27278}.Debug|Any CPU.Build.0 = Debug|Any CPU
		{50793BFA-3CC7-4A26-B738-A31689B27278}.Debug|x64.ActiveCfg = Debug|Any CPU
		{50793BFA-3CC7-4A26-B738-A31689B27278}.Debug|x64.Build.0 = Debug|Any CPU
		{50793BFA-3CC7-4A26-B738-A31689B27278}.Debug|x86.ActiveCfg = Debug|Any CPU
		{50793BFA-3CC7-4A26-B738-A31689B27278}.Debug|x86.Build.0 = Debug|Any CPU
		{50793BFA-3CC7-4A26-B738-A31689B27278}.Release|Any CPU.ActiveCfg = Release|Any CPU
		{50793BFA-3CC7-4A26-B738-A31689B27278}.Release|Any CPU.Build.0 = Release|Any CPU
		{50793BFA-3CC7-4A26-B738-A31689B27278}.Release|x64.ActiveCfg = Release|Any CPU
		{50793BFA-3CC7-4A26-B738-A31689B27278}.Release|x64.Build.0 = Release|Any CPU
		{50793BFA-3CC7-4A26-B738-A31689B27278}.Release|x86.ActiveCfg = Release|Any CPU
		{50793BFA-3CC7-4A26-B738-A31689B27278}.Release|x86.Build.0 = Release|Any CPU
		{09A6437B-BDB1-415F-AB38-0174638D656C}.Debug|Any CPU.ActiveCfg = Debug|Any CPU
		{09A6437B-BDB1-415F-AB38-0174638D656C}.Debug|Any CPU.Build.0 = Debug|Any CPU
		{09A6437B-BDB1-415F-AB38-0174638D656C}.Debug|x64.ActiveCfg = Debug|Any CPU
		{09A6437B-BDB1-415F-AB38-0174638D656C}.Debug|x64.Build.0 = Debug|Any CPU
		{09A6437B-BDB1-415F-AB38-0174638D656C}.Debug|x86.ActiveCfg = Debug|Any CPU
		{09A6437B-BDB1-415F-AB38-0174638D656C}.Debug|x86.Build.0 = Debug|Any CPU
		{09A6437B-BDB1-415F-AB38-0174638D656C}.Release|Any CPU.ActiveCfg = Release|Any CPU
		{09A6437B-BDB1-415F-AB38-0174638D656C}.Release|Any CPU.Build.0 = Release|Any CPU
		{09A6437B-BDB1-415F-AB38-0174638D656C}.Release|x64.ActiveCfg = Release|Any CPU
		{09A6437B-BDB1-415F-AB38-0174638D656C}.Release|x64.Build.0 = Release|Any CPU
		{09A6437B-BDB1-415F-AB38-0174638D656C}.Release|x86.ActiveCfg = Release|Any CPU
		{09A6437B-BDB1-415F-AB38-0174638D656C}.Release|x86.Build.0 = Release|Any CPU
		{B9AD621D-96AA-485D-BC09-45253F825D00}.Debug|Any CPU.ActiveCfg = Debug|Any CPU
		{B9AD621D-96AA-485D-BC09-45253F825D00}.Debug|Any CPU.Build.0 = Debug|Any CPU
		{B9AD621D-96AA-485D-BC09-45253F825D00}.Debug|x64.ActiveCfg = Debug|Any CPU
		{B9AD621D-96AA-485D-BC09-45253F825D00}.Debug|x64.Build.0 = Debug|Any CPU
		{B9AD621D-96AA-485D-BC09-45253F825D00}.Debug|x86.ActiveCfg = Debug|Any CPU
		{B9AD621D-96AA-485D-BC09-45253F825D00}.Debug|x86.Build.0 = Debug|Any CPU
		{B9AD621D-96AA-485D-BC09-45253F825D00}.Release|Any CPU.ActiveCfg = Release|Any CPU
		{B9AD621D-96AA-485D-BC09-45253F825D00}.Release|Any CPU.Build.0 = Release|Any CPU
		{B9AD621D-96AA-485D-BC09-45253F825D00}.Release|x64.ActiveCfg = Release|Any CPU
		{B9AD621D-96AA-485D-BC09-45253F825D00}.Release|x64.Build.0 = Release|Any CPU
		{B9AD621D-96AA-485D-BC09-45253F825D00}.Release|x86.ActiveCfg = Release|Any CPU
		{B9AD621D-96AA-485D-BC09-45253F825D00}.Release|x86.Build.0 = Release|Any CPU
		{4F90D2B4-B993-44E0-962D-79E4534C70F3}.Debug|Any CPU.ActiveCfg = Debug|Any CPU
		{4F90D2B4-B993-44E0-962D-79E4534C70F3}.Debug|Any CPU.Build.0 = Debug|Any CPU
		{4F90D2B4-B993-44E0-962D-79E4534C70F3}.Debug|x64.ActiveCfg = Debug|Any CPU
		{4F90D2B4-B993-44E0-962D-79E4534C70F3}.Debug|x64.Build.0 = Debug|Any CPU
		{4F90D2B4-B993-44E0-962D-79E4534C70F3}.Debug|x86.ActiveCfg = Debug|Any CPU
		{4F90D2B4-B993-44E0-962D-79E4534C70F3}.Debug|x86.Build.0 = Debug|Any CPU
		{4F90D2B4-B993-44E0-962D-79E4534C70F3}.Release|Any CPU.ActiveCfg = Release|Any CPU
		{4F90D2B4-B993-44E0-962D-79E4534C70F3}.Release|Any CPU.Build.0 = Release|Any CPU
		{4F90D2B4-B993-44E0-962D-79E4534C70F3}.Release|x64.ActiveCfg = Release|Any CPU
		{4F90D2B4-B993-44E0-962D-79E4534C70F3}.Release|x64.Build.0 = Release|Any CPU
		{4F90D2B4-B993-44E0-962D-79E4534C70F3}.Release|x86.ActiveCfg = Release|Any CPU
		{4F90D2B4-B993-44E0-962D-79E4534C70F3}.Release|x86.Build.0 = Release|Any CPU
		{9CCCF562-36B3-4329-81F0-0E5B241D6FD3}.Debug|Any CPU.ActiveCfg = Debug|Any CPU
		{9CCCF562-36B3-4329-81F0-0E5B241D6FD3}.Debug|Any CPU.Build.0 = Debug|Any CPU
		{9CCCF562-36B3-4329-81F0-0E5B241D6FD3}.Debug|x64.ActiveCfg = Debug|Any CPU
		{9CCCF562-36B3-4329-81F0-0E5B241D6FD3}.Debug|x64.Build.0 = Debug|Any CPU
		{9CCCF562-36B3-4329-81F0-0E5B241D6FD3}.Debug|x86.ActiveCfg = Debug|Any CPU
		{9CCCF562-36B3-4329-81F0-0E5B241D6FD3}.Debug|x86.Build.0 = Debug|Any CPU
		{9CCCF562-36B3-4329-81F0-0E5B241D6FD3}.Release|Any CPU.ActiveCfg = Release|Any CPU
		{9CCCF562-36B3-4329-81F0-0E5B241D6FD3}.Release|Any CPU.Build.0 = Release|Any CPU
		{9CCCF562-36B3-4329-81F0-0E5B241D6FD3}.Release|x64.ActiveCfg = Release|Any CPU
		{9CCCF562-36B3-4329-81F0-0E5B241D6FD3}.Release|x64.Build.0 = Release|Any CPU
		{9CCCF562-36B3-4329-81F0-0E5B241D6FD3}.Release|x86.ActiveCfg = Release|Any CPU
		{9CCCF562-36B3-4329-81F0-0E5B241D6FD3}.Release|x86.Build.0 = Release|Any CPU
		{37A05206-35FE-46A6-B683-9AAB2DB88884}.Debug|Any CPU.ActiveCfg = Debug|Any CPU
		{37A05206-35FE-46A6-B683-9AAB2DB88884}.Debug|Any CPU.Build.0 = Debug|Any CPU
		{37A05206-35FE-46A6-B683-9AAB2DB88884}.Debug|x64.ActiveCfg = Debug|Any CPU
		{37A05206-35FE-46A6-B683-9AAB2DB88884}.Debug|x64.Build.0 = Debug|Any CPU
		{37A05206-35FE-46A6-B683-9AAB2DB88884}.Debug|x86.ActiveCfg = Debug|Any CPU
		{37A05206-35FE-46A6-B683-9AAB2DB88884}.Debug|x86.Build.0 = Debug|Any CPU
		{37A05206-35FE-46A6-B683-9AAB2DB88884}.Release|Any CPU.ActiveCfg = Release|Any CPU
		{37A05206-35FE-46A6-B683-9AAB2DB88884}.Release|Any CPU.Build.0 = Release|Any CPU
		{37A05206-35FE-46A6-B683-9AAB2DB88884}.Release|x64.ActiveCfg = Release|Any CPU
		{37A05206-35FE-46A6-B683-9AAB2DB88884}.Release|x64.Build.0 = Release|Any CPU
		{37A05206-35FE-46A6-B683-9AAB2DB88884}.Release|x86.ActiveCfg = Release|Any CPU
		{37A05206-35FE-46A6-B683-9AAB2DB88884}.Release|x86.Build.0 = Release|Any CPU
		{3C9DED5D-09FF-43B7-92BC-35BBAAADD1D7}.Debug|Any CPU.ActiveCfg = Debug|Any CPU
		{3C9DED5D-09FF-43B7-92BC-35BBAAADD1D7}.Debug|Any CPU.Build.0 = Debug|Any CPU
		{3C9DED5D-09FF-43B7-92BC-35BBAAADD1D7}.Debug|x64.ActiveCfg = Debug|Any CPU
		{3C9DED5D-09FF-43B7-92BC-35BBAAADD1D7}.Debug|x64.Build.0 = Debug|Any CPU
		{3C9DED5D-09FF-43B7-92BC-35BBAAADD1D7}.Debug|x86.ActiveCfg = Debug|Any CPU
		{3C9DED5D-09FF-43B7-92BC-35BBAAADD1D7}.Debug|x86.Build.0 = Debug|Any CPU
		{3C9DED5D-09FF-43B7-92BC-35BBAAADD1D7}.Release|Any CPU.ActiveCfg = Release|Any CPU
		{3C9DED5D-09FF-43B7-92BC-35BBAAADD1D7}.Release|Any CPU.Build.0 = Release|Any CPU
		{3C9DED5D-09FF-43B7-92BC-35BBAAADD1D7}.Release|x64.ActiveCfg = Release|Any CPU
		{3C9DED5D-09FF-43B7-92BC-35BBAAADD1D7}.Release|x64.Build.0 = Release|Any CPU
		{3C9DED5D-09FF-43B7-92BC-35BBAAADD1D7}.Release|x86.ActiveCfg = Release|Any CPU
		{3C9DED5D-09FF-43B7-92BC-35BBAAADD1D7}.Release|x86.Build.0 = Release|Any CPU
		{F31DF68A-4452-4E6C-9966-E29331B67BA2}.Debug|Any CPU.ActiveCfg = Debug|Any CPU
		{F31DF68A-4452-4E6C-9966-E29331B67BA2}.Debug|Any CPU.Build.0 = Debug|Any CPU
		{F31DF68A-4452-4E6C-9966-E29331B67BA2}.Debug|x64.ActiveCfg = Debug|Any CPU
		{F31DF68A-4452-4E6C-9966-E29331B67BA2}.Debug|x64.Build.0 = Debug|Any CPU
		{F31DF68A-4452-4E6C-9966-E29331B67BA2}.Debug|x86.ActiveCfg = Debug|Any CPU
		{F31DF68A-4452-4E6C-9966-E29331B67BA2}.Debug|x86.Build.0 = Debug|Any CPU
		{F31DF68A-4452-4E6C-9966-E29331B67BA2}.Release|Any CPU.ActiveCfg = Release|Any CPU
		{F31DF68A-4452-4E6C-9966-E29331B67BA2}.Release|Any CPU.Build.0 = Release|Any CPU
		{F31DF68A-4452-4E6C-9966-E29331B67BA2}.Release|x64.ActiveCfg = Release|Any CPU
		{F31DF68A-4452-4E6C-9966-E29331B67BA2}.Release|x64.Build.0 = Release|Any CPU
		{F31DF68A-4452-4E6C-9966-E29331B67BA2}.Release|x86.ActiveCfg = Release|Any CPU
		{F31DF68A-4452-4E6C-9966-E29331B67BA2}.Release|x86.Build.0 = Release|Any CPU
		{7459DB96-7561-4768-AD66-528B890B0DD1}.Debug|Any CPU.ActiveCfg = Debug|Any CPU
		{7459DB96-7561-4768-AD66-528B890B0DD1}.Debug|Any CPU.Build.0 = Debug|Any CPU
		{7459DB96-7561-4768-AD66-528B890B0DD1}.Debug|x64.ActiveCfg = Debug|Any CPU
		{7459DB96-7561-4768-AD66-528B890B0DD1}.Debug|x64.Build.0 = Debug|Any CPU
		{7459DB96-7561-4768-AD66-528B890B0DD1}.Debug|x86.ActiveCfg = Debug|Any CPU
		{7459DB96-7561-4768-AD66-528B890B0DD1}.Debug|x86.Build.0 = Debug|Any CPU
		{7459DB96-7561-4768-AD66-528B890B0DD1}.Release|Any CPU.ActiveCfg = Release|Any CPU
		{7459DB96-7561-4768-AD66-528B890B0DD1}.Release|Any CPU.Build.0 = Release|Any CPU
		{7459DB96-7561-4768-AD66-528B890B0DD1}.Release|x64.ActiveCfg = Release|Any CPU
		{7459DB96-7561-4768-AD66-528B890B0DD1}.Release|x64.Build.0 = Release|Any CPU
		{7459DB96-7561-4768-AD66-528B890B0DD1}.Release|x86.ActiveCfg = Release|Any CPU
		{7459DB96-7561-4768-AD66-528B890B0DD1}.Release|x86.Build.0 = Release|Any CPU
		{05FFDEF2-F2C9-480D-98D8-CBA16BD43C94}.Debug|Any CPU.ActiveCfg = Debug|Any CPU
		{05FFDEF2-F2C9-480D-98D8-CBA16BD43C94}.Debug|Any CPU.Build.0 = Debug|Any CPU
		{05FFDEF2-F2C9-480D-98D8-CBA16BD43C94}.Debug|x64.ActiveCfg = Debug|Any CPU
		{05FFDEF2-F2C9-480D-98D8-CBA16BD43C94}.Debug|x64.Build.0 = Debug|Any CPU
		{05FFDEF2-F2C9-480D-98D8-CBA16BD43C94}.Debug|x86.ActiveCfg = Debug|Any CPU
		{05FFDEF2-F2C9-480D-98D8-CBA16BD43C94}.Debug|x86.Build.0 = Debug|Any CPU
		{05FFDEF2-F2C9-480D-98D8-CBA16BD43C94}.Release|Any CPU.ActiveCfg = Release|Any CPU
		{05FFDEF2-F2C9-480D-98D8-CBA16BD43C94}.Release|Any CPU.Build.0 = Release|Any CPU
		{05FFDEF2-F2C9-480D-98D8-CBA16BD43C94}.Release|x64.ActiveCfg = Release|Any CPU
		{05FFDEF2-F2C9-480D-98D8-CBA16BD43C94}.Release|x64.Build.0 = Release|Any CPU
		{05FFDEF2-F2C9-480D-98D8-CBA16BD43C94}.Release|x86.ActiveCfg = Release|Any CPU
		{05FFDEF2-F2C9-480D-98D8-CBA16BD43C94}.Release|x86.Build.0 = Release|Any CPU
		{96F75D3C-2A65-47EC-93E1-B8F6E3F705CB}.Debug|Any CPU.ActiveCfg = Debug|Any CPU
		{96F75D3C-2A65-47EC-93E1-B8F6E3F705CB}.Debug|Any CPU.Build.0 = Debug|Any CPU
		{96F75D3C-2A65-47EC-93E1-B8F6E3F705CB}.Debug|x64.ActiveCfg = Debug|Any CPU
		{96F75D3C-2A65-47EC-93E1-B8F6E3F705CB}.Debug|x64.Build.0 = Debug|Any CPU
		{96F75D3C-2A65-47EC-93E1-B8F6E3F705CB}.Debug|x86.ActiveCfg = Debug|Any CPU
		{96F75D3C-2A65-47EC-93E1-B8F6E3F705CB}.Debug|x86.Build.0 = Debug|Any CPU
		{96F75D3C-2A65-47EC-93E1-B8F6E3F705CB}.Release|Any CPU.ActiveCfg = Release|Any CPU
		{96F75D3C-2A65-47EC-93E1-B8F6E3F705CB}.Release|Any CPU.Build.0 = Release|Any CPU
		{96F75D3C-2A65-47EC-93E1-B8F6E3F705CB}.Release|x64.ActiveCfg = Release|Any CPU
		{96F75D3C-2A65-47EC-93E1-B8F6E3F705CB}.Release|x64.Build.0 = Release|Any CPU
		{96F75D3C-2A65-47EC-93E1-B8F6E3F705CB}.Release|x86.ActiveCfg = Release|Any CPU
		{96F75D3C-2A65-47EC-93E1-B8F6E3F705CB}.Release|x86.Build.0 = Release|Any CPU
		{EE6E5814-F196-408D-98C5-F876A343042E}.Debug|Any CPU.ActiveCfg = Debug|Any CPU
		{EE6E5814-F196-408D-98C5-F876A343042E}.Debug|Any CPU.Build.0 = Debug|Any CPU
		{EE6E5814-F196-408D-98C5-F876A343042E}.Debug|x64.ActiveCfg = Debug|Any CPU
		{EE6E5814-F196-408D-98C5-F876A343042E}.Debug|x64.Build.0 = Debug|Any CPU
		{EE6E5814-F196-408D-98C5-F876A343042E}.Debug|x86.ActiveCfg = Debug|Any CPU
		{EE6E5814-F196-408D-98C5-F876A343042E}.Debug|x86.Build.0 = Debug|Any CPU
		{EE6E5814-F196-408D-98C5-F876A343042E}.Release|Any CPU.ActiveCfg = Release|Any CPU
		{EE6E5814-F196-408D-98C5-F876A343042E}.Release|Any CPU.Build.0 = Release|Any CPU
		{EE6E5814-F196-408D-98C5-F876A343042E}.Release|x64.ActiveCfg = Release|Any CPU
		{EE6E5814-F196-408D-98C5-F876A343042E}.Release|x64.Build.0 = Release|Any CPU
		{EE6E5814-F196-408D-98C5-F876A343042E}.Release|x86.ActiveCfg = Release|Any CPU
		{EE6E5814-F196-408D-98C5-F876A343042E}.Release|x86.Build.0 = Release|Any CPU
	EndGlobalSection
	GlobalSection(SolutionProperties) = preSolution
		HideSolutionNode = FALSE
	EndGlobalSection
	GlobalSection(NestedProjects) = preSolution
		{2932ECC0-3C33-4E3D-AA1F-06168A3E8535} = {67EE2673-E395-48E2-8C98-2B5872F7D127}
		{8431C0E7-7542-4E0E-BE3B-00B2213EBB3B} = {2932ECC0-3C33-4E3D-AA1F-06168A3E8535}
		{6ED20E7D-5F0C-4FE4-9B87-82C8B7C43813} = {8431C0E7-7542-4E0E-BE3B-00B2213EBB3B}
		{581F4209-06CD-4A0F-9A05-B3AFF2E40917} = {8431C0E7-7542-4E0E-BE3B-00B2213EBB3B}
		{27880F9D-B4D4-4A96-83CA-4FB0FC040AF4} = {8431C0E7-7542-4E0E-BE3B-00B2213EBB3B}
		{C235B10F-16A2-4DEB-AD0F-598018759F46} = {8431C0E7-7542-4E0E-BE3B-00B2213EBB3B}
		{5E5D38E4-76C8-4BF2-9D4F-6C5441758B41} = {8431C0E7-7542-4E0E-BE3B-00B2213EBB3B}
		{843D2585-DC85-422F-9268-1F0011E9CBD9} = {8431C0E7-7542-4E0E-BE3B-00B2213EBB3B}
		{6C860ABF-5558-4640-96F3-3F18FB1D6290} = {2932ECC0-3C33-4E3D-AA1F-06168A3E8535}
		{F9798203-A328-4D18-8DDE-C26122100B48} = {6C860ABF-5558-4640-96F3-3F18FB1D6290}
		{50793BFA-3CC7-4A26-B738-A31689B27278} = {6C860ABF-5558-4640-96F3-3F18FB1D6290}
		{09A6437B-BDB1-415F-AB38-0174638D656C} = {6C860ABF-5558-4640-96F3-3F18FB1D6290}
		{B9AD621D-96AA-485D-BC09-45253F825D00} = {6C860ABF-5558-4640-96F3-3F18FB1D6290}
		{4F90D2B4-B993-44E0-962D-79E4534C70F3} = {6C860ABF-5558-4640-96F3-3F18FB1D6290}
		{9CCCF562-36B3-4329-81F0-0E5B241D6FD3} = {6C860ABF-5558-4640-96F3-3F18FB1D6290}
		{33566DB4-8C37-4D96-ADA4-942ABC3D5AD5} = {2932ECC0-3C33-4E3D-AA1F-06168A3E8535}
		{37A05206-35FE-46A6-B683-9AAB2DB88884} = {33566DB4-8C37-4D96-ADA4-942ABC3D5AD5}
		{3C9DED5D-09FF-43B7-92BC-35BBAAADD1D7} = {33566DB4-8C37-4D96-ADA4-942ABC3D5AD5}
		{F31DF68A-4452-4E6C-9966-E29331B67BA2} = {33566DB4-8C37-4D96-ADA4-942ABC3D5AD5}
		{7459DB96-7561-4768-AD66-528B890B0DD1} = {33566DB4-8C37-4D96-ADA4-942ABC3D5AD5}
		{05FFDEF2-F2C9-480D-98D8-CBA16BD43C94} = {33566DB4-8C37-4D96-ADA4-942ABC3D5AD5}
		{96F75D3C-2A65-47EC-93E1-B8F6E3F705CB} = {33566DB4-8C37-4D96-ADA4-942ABC3D5AD5}
	EndGlobalSection
	GlobalSection(ExtensibilityGlobals) = postSolution
		SolutionGuid = {2FEAE213-713A-4CF5-B0E5-BB177828E74F}
	EndGlobalSection
EndGlobal
