
Microsoft Visual Studio Solution File, Format Version 12.00
# Visual Studio 15
VisualStudioVersion = 15.0.26124.0
MinimumVisualStudioVersion = 15.0.26124.0
Project("{FAE04EC0-301F-11D3-BF4B-00C04F79EFBC}") = "Maktub.Memento.Application", "Maktub.Memento.Application\Maktub.Memento.Application.csproj", "{89E699A7-E020-4652-944D-862270449338}"
EndProject
Project("{FAE04EC0-301F-11D3-BF4B-00C04F79EFBC}") = "Maktub.Memento.Presentation", "Maktub.Memento.Presentation\Maktub.Memento.Presentation.csproj", "{DD5C6568-CC0B-40F1-ACB5-4D247765A637}"
EndProject
Project("{FAE04EC0-301F-11D3-BF4B-00C04F79EFBC}") = "Maktub.Memento.Common", "Maktub.Memento.Common\Maktub.Memento.Common.csproj", "{E557DE3E-2002-43E1-B5B1-5271A69795E2}"
EndProject
Project("{FAE04EC0-301F-11D3-BF4B-00C04F79EFBC}") = "Maktub.Memento.Domain", "Maktub.Memento.Domain\Maktub.Memento.Domain.csproj", "{8DD6D921-85C0-47EB-8783-802208170B64}"
EndProject
Project("{FAE04EC0-301F-11D3-BF4B-00C04F79EFBC}") = "Maktub.Memento.Infrastructure", "Maktub.Memento.Infrastructure\Maktub.Memento.Infrastructure.csproj", "{9AB26BCC-3A11-4438-A8E8-8C50CABD48FE}"
EndProject
Project("{FAE04EC0-301F-11D3-BF4B-00C04F79EFBC}") = "Maktub.Memento.Persistance", "Maktub.Memento.Persistance\Maktub.Memento.Persistance.csproj", "{B7D62371-E4B0-42C7-8553-AE6B1604880E}"
EndProject
Global
	GlobalSection(SolutionConfigurationPlatforms) = preSolution
		Debug|Any CPU = Debug|Any CPU
		Debug|x64 = Debug|x64
		Debug|x86 = Debug|x86
		Release|Any CPU = Release|Any CPU
		Release|x64 = Release|x64
		Release|x86 = Release|x86
	EndGlobalSection
	GlobalSection(SolutionProperties) = preSolution
		HideSolutionNode = FALSE
	EndGlobalSection
	GlobalSection(ProjectConfigurationPlatforms) = postSolution
		{172AB210-5851-47D4-800A-700800575578}.Debug|Any CPU.ActiveCfg = Debug|Any CPU
		{172AB210-5851-47D4-800A-700800575578}.Debug|Any CPU.Build.0 = Debug|Any CPU
		{172AB210-5851-47D4-800A-700800575578}.Debug|x64.ActiveCfg = Debug|Any CPU
		{172AB210-5851-47D4-800A-700800575578}.Debug|x64.Build.0 = Debug|Any CPU
		{172AB210-5851-47D4-800A-700800575578}.Debug|x86.ActiveCfg = Debug|Any CPU
		{172AB210-5851-47D4-800A-700800575578}.Debug|x86.Build.0 = Debug|Any CPU
		{172AB210-5851-47D4-800A-700800575578}.Release|Any CPU.ActiveCfg = Release|Any CPU
		{172AB210-5851-47D4-800A-700800575578}.Release|Any CPU.Build.0 = Release|Any CPU
		{172AB210-5851-47D4-800A-700800575578}.Release|x64.ActiveCfg = Release|Any CPU
		{172AB210-5851-47D4-800A-700800575578}.Release|x64.Build.0 = Release|Any CPU
		{172AB210-5851-47D4-800A-700800575578}.Release|x86.ActiveCfg = Release|Any CPU
		{172AB210-5851-47D4-800A-700800575578}.Release|x86.Build.0 = Release|Any CPU
		{89E699A7-E020-4652-944D-862270449338}.Debug|Any CPU.ActiveCfg = Debug|Any CPU
		{89E699A7-E020-4652-944D-862270449338}.Debug|Any CPU.Build.0 = Debug|Any CPU
		{89E699A7-E020-4652-944D-862270449338}.Debug|x64.ActiveCfg = Debug|Any CPU
		{89E699A7-E020-4652-944D-862270449338}.Debug|x64.Build.0 = Debug|Any CPU
		{89E699A7-E020-4652-944D-862270449338}.Debug|x86.ActiveCfg = Debug|Any CPU
		{89E699A7-E020-4652-944D-862270449338}.Debug|x86.Build.0 = Debug|Any CPU
		{89E699A7-E020-4652-944D-862270449338}.Release|Any CPU.ActiveCfg = Release|Any CPU
		{89E699A7-E020-4652-944D-862270449338}.Release|Any CPU.Build.0 = Release|Any CPU
		{89E699A7-E020-4652-944D-862270449338}.Release|x64.ActiveCfg = Release|Any CPU
		{89E699A7-E020-4652-944D-862270449338}.Release|x64.Build.0 = Release|Any CPU
		{89E699A7-E020-4652-944D-862270449338}.Release|x86.ActiveCfg = Release|Any CPU
		{89E699A7-E020-4652-944D-862270449338}.Release|x86.Build.0 = Release|Any CPU
		{DD5C6568-CC0B-40F1-ACB5-4D247765A637}.Debug|Any CPU.ActiveCfg = Debug|Any CPU
		{DD5C6568-CC0B-40F1-ACB5-4D247765A637}.Debug|Any CPU.Build.0 = Debug|Any CPU
		{DD5C6568-CC0B-40F1-ACB5-4D247765A637}.Debug|x64.ActiveCfg = Debug|Any CPU
		{DD5C6568-CC0B-40F1-ACB5-4D247765A637}.Debug|x64.Build.0 = Debug|Any CPU
		{DD5C6568-CC0B-40F1-ACB5-4D247765A637}.Debug|x86.ActiveCfg = Debug|Any CPU
		{DD5C6568-CC0B-40F1-ACB5-4D247765A637}.Debug|x86.Build.0 = Debug|Any CPU
		{DD5C6568-CC0B-40F1-ACB5-4D247765A637}.Release|Any CPU.ActiveCfg = Release|Any CPU
		{DD5C6568-CC0B-40F1-ACB5-4D247765A637}.Release|Any CPU.Build.0 = Release|Any CPU
		{DD5C6568-CC0B-40F1-ACB5-4D247765A637}.Release|x64.ActiveCfg = Release|Any CPU
		{DD5C6568-CC0B-40F1-ACB5-4D247765A637}.Release|x64.Build.0 = Release|Any CPU
		{DD5C6568-CC0B-40F1-ACB5-4D247765A637}.Release|x86.ActiveCfg = Release|Any CPU
		{DD5C6568-CC0B-40F1-ACB5-4D247765A637}.Release|x86.Build.0 = Release|Any CPU
		{E557DE3E-2002-43E1-B5B1-5271A69795E2}.Debug|Any CPU.ActiveCfg = Debug|Any CPU
		{E557DE3E-2002-43E1-B5B1-5271A69795E2}.Debug|Any CPU.Build.0 = Debug|Any CPU
		{E557DE3E-2002-43E1-B5B1-5271A69795E2}.Debug|x64.ActiveCfg = Debug|Any CPU
		{E557DE3E-2002-43E1-B5B1-5271A69795E2}.Debug|x64.Build.0 = Debug|Any CPU
		{E557DE3E-2002-43E1-B5B1-5271A69795E2}.Debug|x86.ActiveCfg = Debug|Any CPU
		{E557DE3E-2002-43E1-B5B1-5271A69795E2}.Debug|x86.Build.0 = Debug|Any CPU
		{E557DE3E-2002-43E1-B5B1-5271A69795E2}.Release|Any CPU.ActiveCfg = Release|Any CPU
		{E557DE3E-2002-43E1-B5B1-5271A69795E2}.Release|Any CPU.Build.0 = Release|Any CPU
		{E557DE3E-2002-43E1-B5B1-5271A69795E2}.Release|x64.ActiveCfg = Release|Any CPU
		{E557DE3E-2002-43E1-B5B1-5271A69795E2}.Release|x64.Build.0 = Release|Any CPU
		{E557DE3E-2002-43E1-B5B1-5271A69795E2}.Release|x86.ActiveCfg = Release|Any CPU
		{E557DE3E-2002-43E1-B5B1-5271A69795E2}.Release|x86.Build.0 = Release|Any CPU
		{8DD6D921-85C0-47EB-8783-802208170B64}.Debug|Any CPU.ActiveCfg = Debug|Any CPU
		{8DD6D921-85C0-47EB-8783-802208170B64}.Debug|Any CPU.Build.0 = Debug|Any CPU
		{8DD6D921-85C0-47EB-8783-802208170B64}.Debug|x64.ActiveCfg = Debug|Any CPU
		{8DD6D921-85C0-47EB-8783-802208170B64}.Debug|x64.Build.0 = Debug|Any CPU
		{8DD6D921-85C0-47EB-8783-802208170B64}.Debug|x86.ActiveCfg = Debug|Any CPU
		{8DD6D921-85C0-47EB-8783-802208170B64}.Debug|x86.Build.0 = Debug|Any CPU
		{8DD6D921-85C0-47EB-8783-802208170B64}.Release|Any CPU.ActiveCfg = Release|Any CPU
		{8DD6D921-85C0-47EB-8783-802208170B64}.Release|Any CPU.Build.0 = Release|Any CPU
		{8DD6D921-85C0-47EB-8783-802208170B64}.Release|x64.ActiveCfg = Release|Any CPU
		{8DD6D921-85C0-47EB-8783-802208170B64}.Release|x64.Build.0 = Release|Any CPU
		{8DD6D921-85C0-47EB-8783-802208170B64}.Release|x86.ActiveCfg = Release|Any CPU
		{8DD6D921-85C0-47EB-8783-802208170B64}.Release|x86.Build.0 = Release|Any CPU
		{9AB26BCC-3A11-4438-A8E8-8C50CABD48FE}.Debug|Any CPU.ActiveCfg = Debug|Any CPU
		{9AB26BCC-3A11-4438-A8E8-8C50CABD48FE}.Debug|Any CPU.Build.0 = Debug|Any CPU
		{9AB26BCC-3A11-4438-A8E8-8C50CABD48FE}.Debug|x64.ActiveCfg = Debug|Any CPU
		{9AB26BCC-3A11-4438-A8E8-8C50CABD48FE}.Debug|x64.Build.0 = Debug|Any CPU
		{9AB26BCC-3A11-4438-A8E8-8C50CABD48FE}.Debug|x86.ActiveCfg = Debug|Any CPU
		{9AB26BCC-3A11-4438-A8E8-8C50CABD48FE}.Debug|x86.Build.0 = Debug|Any CPU
		{9AB26BCC-3A11-4438-A8E8-8C50CABD48FE}.Release|Any CPU.ActiveCfg = Release|Any CPU
		{9AB26BCC-3A11-4438-A8E8-8C50CABD48FE}.Release|Any CPU.Build.0 = Release|Any CPU
		{9AB26BCC-3A11-4438-A8E8-8C50CABD48FE}.Release|x64.ActiveCfg = Release|Any CPU
		{9AB26BCC-3A11-4438-A8E8-8C50CABD48FE}.Release|x64.Build.0 = Release|Any CPU
		{9AB26BCC-3A11-4438-A8E8-8C50CABD48FE}.Release|x86.ActiveCfg = Release|Any CPU
		{9AB26BCC-3A11-4438-A8E8-8C50CABD48FE}.Release|x86.Build.0 = Release|Any CPU
		{B7D62371-E4B0-42C7-8553-AE6B1604880E}.Debug|Any CPU.ActiveCfg = Debug|Any CPU
		{B7D62371-E4B0-42C7-8553-AE6B1604880E}.Debug|Any CPU.Build.0 = Debug|Any CPU
		{B7D62371-E4B0-42C7-8553-AE6B1604880E}.Debug|x64.ActiveCfg = Debug|Any CPU
		{B7D62371-E4B0-42C7-8553-AE6B1604880E}.Debug|x64.Build.0 = Debug|Any CPU
		{B7D62371-E4B0-42C7-8553-AE6B1604880E}.Debug|x86.ActiveCfg = Debug|Any CPU
		{B7D62371-E4B0-42C7-8553-AE6B1604880E}.Debug|x86.Build.0 = Debug|Any CPU
		{B7D62371-E4B0-42C7-8553-AE6B1604880E}.Release|Any CPU.ActiveCfg = Release|Any CPU
		{B7D62371-E4B0-42C7-8553-AE6B1604880E}.Release|Any CPU.Build.0 = Release|Any CPU
		{B7D62371-E4B0-42C7-8553-AE6B1604880E}.Release|x64.ActiveCfg = Release|Any CPU
		{B7D62371-E4B0-42C7-8553-AE6B1604880E}.Release|x64.Build.0 = Release|Any CPU
		{B7D62371-E4B0-42C7-8553-AE6B1604880E}.Release|x86.ActiveCfg = Release|Any CPU
		{B7D62371-E4B0-42C7-8553-AE6B1604880E}.Release|x86.Build.0 = Release|Any CPU
	EndGlobalSection
EndGlobal
