
Microsoft Visual Studio Solution File, Format Version 12.00
# Visual Studio 15
VisualStudioVersion = 15.0.26124.0
MinimumVisualStudioVersion = 15.0.26124.0
Project("{FAE04EC0-301F-11D3-BF4B-00C04F79EFBC}") = "Maktub.Messenger.Presentation", "Maktub.Messenger.Presentation\Maktub.Messenger.Presentation.csproj", "{189150E6-DE74-41CA-BD39-5AFE6D43EC40}"
EndProject
Project("{FAE04EC0-301F-11D3-BF4B-00C04F79EFBC}") = "Maktub.Messenger.Application", "Maktub.Messenger.Application\Maktub.Messenger.Application.csproj", "{D41D706C-3AE8-4711-B02B-5636BCD3769C}"
EndProject
Project("{FAE04EC0-301F-11D3-BF4B-00C04F79EFBC}") = "Maktub.Messenger.Common", "Maktub.Messenger.Common\Maktub.Messenger.Common.csproj", "{97D47EAA-5380-43DD-9A6E-EA08D38CBEA5}"
EndProject
Project("{FAE04EC0-301F-11D3-BF4B-00C04F79EFBC}") = "Maktub.Messenger.Domain", "Maktub.Messenger.Domain\Maktub.Messenger.Domain.csproj", "{87A756AB-D485-4206-B1CF-2BBB5DED9946}"
EndProject
Project("{FAE04EC0-301F-11D3-BF4B-00C04F79EFBC}") = "Maktub.Messenger.Infrastructure", "Maktub.Messenger.Infrastructure\Maktub.Messenger.Infrastructure.csproj", "{5AFE587F-4371-41ED-8ED8-F3EEE6630AFE}"
EndProject
Project("{FAE04EC0-301F-11D3-BF4B-00C04F79EFBC}") = "Maktub.Messenger.Persistance", "Maktub.Messenger.Persistance\Maktub.Messenger.Persistance.csproj", "{7A73D3A6-B2C6-42AE-A7C0-AF7D73F59E22}"
EndProject
Global
	GlobalSection(SolutionConfigurationPlatforms) = preSolution
		Debug|Any CPU = Debug|Any CPU
		Debug|x64 = Debug|x64
		Debug|x86 = Debug|x86
		Release|Any CPU = Release|Any CPU
		Release|x64 = Release|x64
		Release|x86 = Release|x86
	EndGlobalSection
	GlobalSection(SolutionProperties) = preSolution
		HideSolutionNode = FALSE
	EndGlobalSection
	GlobalSection(ProjectConfigurationPlatforms) = postSolution
		{189150E6-DE74-41CA-BD39-5AFE6D43EC40}.Debug|Any CPU.ActiveCfg = Debug|Any CPU
		{189150E6-DE74-41CA-BD39-5AFE6D43EC40}.Debug|Any CPU.Build.0 = Debug|Any CPU
		{189150E6-DE74-41CA-BD39-5AFE6D43EC40}.Debug|x64.ActiveCfg = Debug|Any CPU
		{189150E6-DE74-41CA-BD39-5AFE6D43EC40}.Debug|x64.Build.0 = Debug|Any CPU
		{189150E6-DE74-41CA-BD39-5AFE6D43EC40}.Debug|x86.ActiveCfg = Debug|Any CPU
		{189150E6-DE74-41CA-BD39-5AFE6D43EC40}.Debug|x86.Build.0 = Debug|Any CPU
		{189150E6-DE74-41CA-BD39-5AFE6D43EC40}.Release|Any CPU.ActiveCfg = Release|Any CPU
		{189150E6-DE74-41CA-BD39-5AFE6D43EC40}.Release|Any CPU.Build.0 = Release|Any CPU
		{189150E6-DE74-41CA-BD39-5AFE6D43EC40}.Release|x64.ActiveCfg = Release|Any CPU
		{189150E6-DE74-41CA-BD39-5AFE6D43EC40}.Release|x64.Build.0 = Release|Any CPU
		{189150E6-DE74-41CA-BD39-5AFE6D43EC40}.Release|x86.ActiveCfg = Release|Any CPU
		{189150E6-DE74-41CA-BD39-5AFE6D43EC40}.Release|x86.Build.0 = Release|Any CPU
		{D41D706C-3AE8-4711-B02B-5636BCD3769C}.Debug|Any CPU.ActiveCfg = Debug|Any CPU
		{D41D706C-3AE8-4711-B02B-5636BCD3769C}.Debug|Any CPU.Build.0 = Debug|Any CPU
		{D41D706C-3AE8-4711-B02B-5636BCD3769C}.Debug|x64.ActiveCfg = Debug|Any CPU
		{D41D706C-3AE8-4711-B02B-5636BCD3769C}.Debug|x64.Build.0 = Debug|Any CPU
		{D41D706C-3AE8-4711-B02B-5636BCD3769C}.Debug|x86.ActiveCfg = Debug|Any CPU
		{D41D706C-3AE8-4711-B02B-5636BCD3769C}.Debug|x86.Build.0 = Debug|Any CPU
		{D41D706C-3AE8-4711-B02B-5636BCD3769C}.Release|Any CPU.ActiveCfg = Release|Any CPU
		{D41D706C-3AE8-4711-B02B-5636BCD3769C}.Release|Any CPU.Build.0 = Release|Any CPU
		{D41D706C-3AE8-4711-B02B-5636BCD3769C}.Release|x64.ActiveCfg = Release|Any CPU
		{D41D706C-3AE8-4711-B02B-5636BCD3769C}.Release|x64.Build.0 = Release|Any CPU
		{D41D706C-3AE8-4711-B02B-5636BCD3769C}.Release|x86.ActiveCfg = Release|Any CPU
		{D41D706C-3AE8-4711-B02B-5636BCD3769C}.Release|x86.Build.0 = Release|Any CPU
		{97D47EAA-5380-43DD-9A6E-EA08D38CBEA5}.Debug|Any CPU.ActiveCfg = Debug|Any CPU
		{97D47EAA-5380-43DD-9A6E-EA08D38CBEA5}.Debug|Any CPU.Build.0 = Debug|Any CPU
		{97D47EAA-5380-43DD-9A6E-EA08D38CBEA5}.Debug|x64.ActiveCfg = Debug|Any CPU
		{97D47EAA-5380-43DD-9A6E-EA08D38CBEA5}.Debug|x64.Build.0 = Debug|Any CPU
		{97D47EAA-5380-43DD-9A6E-EA08D38CBEA5}.Debug|x86.ActiveCfg = Debug|Any CPU
		{97D47EAA-5380-43DD-9A6E-EA08D38CBEA5}.Debug|x86.Build.0 = Debug|Any CPU
		{97D47EAA-5380-43DD-9A6E-EA08D38CBEA5}.Release|Any CPU.ActiveCfg = Release|Any CPU
		{97D47EAA-5380-43DD-9A6E-EA08D38CBEA5}.Release|Any CPU.Build.0 = Release|Any CPU
		{97D47EAA-5380-43DD-9A6E-EA08D38CBEA5}.Release|x64.ActiveCfg = Release|Any CPU
		{97D47EAA-5380-43DD-9A6E-EA08D38CBEA5}.Release|x64.Build.0 = Release|Any CPU
		{97D47EAA-5380-43DD-9A6E-EA08D38CBEA5}.Release|x86.ActiveCfg = Release|Any CPU
		{97D47EAA-5380-43DD-9A6E-EA08D38CBEA5}.Release|x86.Build.0 = Release|Any CPU
		{87A756AB-D485-4206-B1CF-2BBB5DED9946}.Debug|Any CPU.ActiveCfg = Debug|Any CPU
		{87A756AB-D485-4206-B1CF-2BBB5DED9946}.Debug|Any CPU.Build.0 = Debug|Any CPU
		{87A756AB-D485-4206-B1CF-2BBB5DED9946}.Debug|x64.ActiveCfg = Debug|Any CPU
		{87A756AB-D485-4206-B1CF-2BBB5DED9946}.Debug|x64.Build.0 = Debug|Any CPU
		{87A756AB-D485-4206-B1CF-2BBB5DED9946}.Debug|x86.ActiveCfg = Debug|Any CPU
		{87A756AB-D485-4206-B1CF-2BBB5DED9946}.Debug|x86.Build.0 = Debug|Any CPU
		{87A756AB-D485-4206-B1CF-2BBB5DED9946}.Release|Any CPU.ActiveCfg = Release|Any CPU
		{87A756AB-D485-4206-B1CF-2BBB5DED9946}.Release|Any CPU.Build.0 = Release|Any CPU
		{87A756AB-D485-4206-B1CF-2BBB5DED9946}.Release|x64.ActiveCfg = Release|Any CPU
		{87A756AB-D485-4206-B1CF-2BBB5DED9946}.Release|x64.Build.0 = Release|Any CPU
		{87A756AB-D485-4206-B1CF-2BBB5DED9946}.Release|x86.ActiveCfg = Release|Any CPU
		{87A756AB-D485-4206-B1CF-2BBB5DED9946}.Release|x86.Build.0 = Release|Any CPU
		{5AFE587F-4371-41ED-8ED8-F3EEE6630AFE}.Debug|Any CPU.ActiveCfg = Debug|Any CPU
		{5AFE587F-4371-41ED-8ED8-F3EEE6630AFE}.Debug|Any CPU.Build.0 = Debug|Any CPU
		{5AFE587F-4371-41ED-8ED8-F3EEE6630AFE}.Debug|x64.ActiveCfg = Debug|Any CPU
		{5AFE587F-4371-41ED-8ED8-F3EEE6630AFE}.Debug|x64.Build.0 = Debug|Any CPU
		{5AFE587F-4371-41ED-8ED8-F3EEE6630AFE}.Debug|x86.ActiveCfg = Debug|Any CPU
		{5AFE587F-4371-41ED-8ED8-F3EEE6630AFE}.Debug|x86.Build.0 = Debug|Any CPU
		{5AFE587F-4371-41ED-8ED8-F3EEE6630AFE}.Release|Any CPU.ActiveCfg = Release|Any CPU
		{5AFE587F-4371-41ED-8ED8-F3EEE6630AFE}.Release|Any CPU.Build.0 = Release|Any CPU
		{5AFE587F-4371-41ED-8ED8-F3EEE6630AFE}.Release|x64.ActiveCfg = Release|Any CPU
		{5AFE587F-4371-41ED-8ED8-F3EEE6630AFE}.Release|x64.Build.0 = Release|Any CPU
		{5AFE587F-4371-41ED-8ED8-F3EEE6630AFE}.Release|x86.ActiveCfg = Release|Any CPU
		{5AFE587F-4371-41ED-8ED8-F3EEE6630AFE}.Release|x86.Build.0 = Release|Any CPU
		{7A73D3A6-B2C6-42AE-A7C0-AF7D73F59E22}.Debug|Any CPU.ActiveCfg = Debug|Any CPU
		{7A73D3A6-B2C6-42AE-A7C0-AF7D73F59E22}.Debug|Any CPU.Build.0 = Debug|Any CPU
		{7A73D3A6-B2C6-42AE-A7C0-AF7D73F59E22}.Debug|x64.ActiveCfg = Debug|Any CPU
		{7A73D3A6-B2C6-42AE-A7C0-AF7D73F59E22}.Debug|x64.Build.0 = Debug|Any CPU
		{7A73D3A6-B2C6-42AE-A7C0-AF7D73F59E22}.Debug|x86.ActiveCfg = Debug|Any CPU
		{7A73D3A6-B2C6-42AE-A7C0-AF7D73F59E22}.Debug|x86.Build.0 = Debug|Any CPU
		{7A73D3A6-B2C6-42AE-A7C0-AF7D73F59E22}.Release|Any CPU.ActiveCfg = Release|Any CPU
		{7A73D3A6-B2C6-42AE-A7C0-AF7D73F59E22}.Release|Any CPU.Build.0 = Release|Any CPU
		{7A73D3A6-B2C6-42AE-A7C0-AF7D73F59E22}.Release|x64.ActiveCfg = Release|Any CPU
		{7A73D3A6-B2C6-42AE-A7C0-AF7D73F59E22}.Release|x64.Build.0 = Release|Any CPU
		{7A73D3A6-B2C6-42AE-A7C0-AF7D73F59E22}.Release|x86.ActiveCfg = Release|Any CPU
		{7A73D3A6-B2C6-42AE-A7C0-AF7D73F59E22}.Release|x86.Build.0 = Release|Any CPU
	EndGlobalSection
EndGlobal
